
Microsoft Visual Studio Solution File, Format Version 12.00
# Visual Studio Version 17
VisualStudioVersion = 17.4.33205.214
MinimumVisualStudioVersion = 10.0.40219.1
Project("{9A19103F-16F7-4668-BE54-9A1E7A4F7556}") = "DummyProject", "DummyProject\DummyProject.csproj", "{90D390AB-34AC-460D-9D1C-E42112F082EE}"
EndProject
Project("{9A19103F-16F7-4668-BE54-9A1E7A4F7556}") = "EnumConsole", "EnumConsole\EnumConsole.csproj", "{409C491C-0531-4611-9845-DBC969D45419}"
EndProject
Project("{FAE04EC0-301F-11D3-BF4B-00C04F79EFBC}") = "StaticAndInstanceMethods", "StaticAndInstanceMethods\StaticAndInstanceMethods.csproj", "{53185FB5-0CCB-4A52-AD02-662FD51532DF}"
EndProject
Project("{FAE04EC0-301F-11D3-BF4B-00C04F79EFBC}") = "VirtualOverrideAbstract_Methods", "VirtualOverrideAbstract_Methods\VirtualOverrideAbstract_Methods.csproj", "{AB62AB2E-4B6C-48B6-8491-57E2B276374C}"
EndProject
Project("{FAE04EC0-301F-11D3-BF4B-00C04F79EFBC}") = "OtherFunctionMembers", "OtherFunctionMembers\OtherFunctionMembers.csproj", "{6471A4F9-A427-494B-98D7-8605AFE851A3}"
EndProject
Global
	GlobalSection(SolutionConfigurationPlatforms) = preSolution
		Debug|Any CPU = Debug|Any CPU
		Release|Any CPU = Release|Any CPU
	EndGlobalSection
	GlobalSection(ProjectConfigurationPlatforms) = postSolution
		{90D390AB-34AC-460D-9D1C-E42112F082EE}.Debug|Any CPU.ActiveCfg = Debug|Any CPU
		{90D390AB-34AC-460D-9D1C-E42112F082EE}.Debug|Any CPU.Build.0 = Debug|Any CPU
		{90D390AB-34AC-460D-9D1C-E42112F082EE}.Release|Any CPU.ActiveCfg = Release|Any CPU
		{90D390AB-34AC-460D-9D1C-E42112F082EE}.Release|Any CPU.Build.0 = Release|Any CPU
		{409C491C-0531-4611-9845-DBC969D45419}.Debug|Any CPU.ActiveCfg = Debug|Any CPU
		{409C491C-0531-4611-9845-DBC969D45419}.Debug|Any CPU.Build.0 = Debug|Any CPU
		{409C491C-0531-4611-9845-DBC969D45419}.Release|Any CPU.ActiveCfg = Release|Any CPU
		{409C491C-0531-4611-9845-DBC969D45419}.Release|Any CPU.Build.0 = Release|Any CPU
		{53185FB5-0CCB-4A52-AD02-662FD51532DF}.Debug|Any CPU.ActiveCfg = Debug|Any CPU
		{53185FB5-0CCB-4A52-AD02-662FD51532DF}.Debug|Any CPU.Build.0 = Debug|Any CPU
		{53185FB5-0CCB-4A52-AD02-662FD51532DF}.Release|Any CPU.ActiveCfg = Release|Any CPU
		{53185FB5-0CCB-4A52-AD02-662FD51532DF}.Release|Any CPU.Build.0 = Release|Any CPU
		{AB62AB2E-4B6C-48B6-8491-57E2B276374C}.Debug|Any CPU.ActiveCfg = Debug|Any CPU
		{AB62AB2E-4B6C-48B6-8491-57E2B276374C}.Debug|Any CPU.Build.0 = Debug|Any CPU
		{AB62AB2E-4B6C-48B6-8491-57E2B276374C}.Release|Any CPU.ActiveCfg = Release|Any CPU
		{AB62AB2E-4B6C-48B6-8491-57E2B276374C}.Release|Any CPU.Build.0 = Release|Any CPU
		{6471A4F9-A427-494B-98D7-8605AFE851A3}.Debug|Any CPU.ActiveCfg = Debug|Any CPU
		{6471A4F9-A427-494B-98D7-8605AFE851A3}.Debug|Any CPU.Build.0 = Debug|Any CPU
		{6471A4F9-A427-494B-98D7-8605AFE851A3}.Release|Any CPU.ActiveCfg = Release|Any CPU
		{6471A4F9-A427-494B-98D7-8605AFE851A3}.Release|Any CPU.Build.0 = Release|Any CPU
	EndGlobalSection
	GlobalSection(SolutionProperties) = preSolution
		HideSolutionNode = FALSE
	EndGlobalSection
	GlobalSection(ExtensibilityGlobals) = postSolution
		SolutionGuid = {823DE505-75ED-4E98-974D-650F62A4C19F}
	EndGlobalSection
EndGlobal
